
Microsoft Visual Studio Solution File, Format Version 12.00
# Visual Studio Version 16
VisualStudioVersion = 16.0.30611.23
MinimumVisualStudioVersion = 10.0.40219.1
Project("{8BC9CEB8-8B4A-11D0-8D11-00A0C91BC942}") = "ASDQueue", "ASDQueue\ASDQueue.vcxproj", "{8C39D7B9-96DD-43E0-A18A-28454B1CF7CF}"
EndProject
Global
	GlobalSection(SolutionConfigurationPlatforms) = preSolution
		Debug|x64 = Debug|x64
		Debug|x86 = Debug|x86
		Release|x64 = Release|x64
		Release|x86 = Release|x86
	EndGlobalSection
	GlobalSection(ProjectConfigurationPlatforms) = postSolution
		{8C39D7B9-96DD-43E0-A18A-28454B1CF7CF}.Debug|x64.ActiveCfg = Debug|x64
		{8C39D7B9-96DD-43E0-A18A-28454B1CF7CF}.Debug|x64.Build.0 = Debug|x64
		{8C39D7B9-96DD-43E0-A18A-28454B1CF7CF}.Debug|x86.ActiveCfg = Debug|Win32
		{8C39D7B9-96DD-43E0-A18A-28454B1CF7CF}.Debug|x86.Build.0 = Debug|Win32
		{8C39D7B9-96DD-43E0-A18A-28454B1CF7CF}.Release|x64.ActiveCfg = Release|x64
		{8C39D7B9-96DD-43E0-A18A-28454B1CF7CF}.Release|x64.Build.0 = Release|x64
		{8C39D7B9-96DD-43E0-A18A-28454B1CF7CF}.Release|x86.ActiveCfg = Release|Win32
		{8C39D7B9-96DD-43E0-A18A-28454B1CF7CF}.Release|x86.Build.0 = Release|Win32
	EndGlobalSection
	GlobalSection(SolutionProperties) = preSolution
		HideSolutionNode = FALSE
	EndGlobalSection
	GlobalSection(ExtensibilityGlobals) = postSolution
		SolutionGuid = {5A7FD6B1-A731-4553-808D-DDABEC4E201F}
	EndGlobalSection
EndGlobal
